// !$*UTF8*$!
{
	archiveVersion = 1;
	classes = {
	};
	objectVersion = 46;
	objects = {

/* Begin PBXBuildFile section */
		226067A616B2C7E900FC05EA /* MCAsset.cpp in Sources */ = {isa = PBXBuildFile; fileRef = 2260679316B2C7E900FC05EA /* MCAsset.cpp */; };
		226067A716B2C7E900FC05EA /* MCAsset.h in Headers */ = {isa = PBXBuildFile; fileRef = 2260679416B2C7E900FC05EA /* MCAsset.h */; };
		226067A816B2C7E900FC05EA /* MCTextAsset.cpp in Sources */ = {isa = PBXBuildFile; fileRef = 2260679516B2C7E900FC05EA /* MCTextAsset.cpp */; };
		226067A916B2C7E900FC05EA /* MCTextAsset.h in Headers */ = {isa = PBXBuildFile; fileRef = 2260679616B2C7E900FC05EA /* MCTextAsset.h */; };
		226067AA16B2C7E900FC05EA /* MCKernel.cpp in Sources */ = {isa = PBXBuildFile; fileRef = 2260679816B2C7E900FC05EA /* MCKernel.cpp */; };
		226067AB16B2C7E900FC05EA /* MCKernel.h in Headers */ = {isa = PBXBuildFile; fileRef = 2260679916B2C7E900FC05EA /* MCKernel.h */; };
		226067AC16B2C7E900FC05EA /* MCLogger.cpp in Sources */ = {isa = PBXBuildFile; fileRef = 2260679A16B2C7E900FC05EA /* MCLogger.cpp */; };
		226067AD16B2C7E900FC05EA /* MCLogger.h in Headers */ = {isa = PBXBuildFile; fileRef = 2260679B16B2C7E900FC05EA /* MCLogger.h */; };
		226067AE16B2C7E900FC05EA /* MCThing.cpp in Sources */ = {isa = PBXBuildFile; fileRef = 2260679D16B2C7E900FC05EA /* MCThing.cpp */; };
		226067AF16B2C7E900FC05EA /* MCThing.h in Headers */ = {isa = PBXBuildFile; fileRef = 2260679E16B2C7E900FC05EA /* MCThing.h */; };
		226067B016B2C7E900FC05EA /* MCState.cpp in Sources */ = {isa = PBXBuildFile; fileRef = 226067A016B2C7E900FC05EA /* MCState.cpp */; };
		226067B116B2C7E900FC05EA /* MCState.h in Headers */ = {isa = PBXBuildFile; fileRef = 226067A116B2C7E900FC05EA /* MCState.h */; };
		22DCEB9A16A5BDDD002389FE /* MacaroniCore.h in Headers */ = {isa = PBXBuildFile; fileRef = 22DCEB9116A5BDDD002389FE /* MacaroniCore.h */; };
/* End PBXBuildFile section */

/* Begin PBXFileReference section */
		2260679316B2C7E900FC05EA /* MCAsset.cpp */ = {isa = PBXFileReference; fileEncoding = 4; lastKnownFileType = sourcecode.cpp.cpp; path = MCAsset.cpp; sourceTree = "<group>"; };
		2260679416B2C7E900FC05EA /* MCAsset.h */ = {isa = PBXFileReference; fileEncoding = 4; lastKnownFileType = sourcecode.c.h; path = MCAsset.h; sourceTree = "<group>"; };
		2260679516B2C7E900FC05EA /* MCTextAsset.cpp */ = {isa = PBXFileReference; fileEncoding = 4; lastKnownFileType = sourcecode.cpp.cpp; path = MCTextAsset.cpp; sourceTree = "<group>"; };
		2260679616B2C7E900FC05EA /* MCTextAsset.h */ = {isa = PBXFileReference; fileEncoding = 4; lastKnownFileType = sourcecode.c.h; path = MCTextAsset.h; sourceTree = "<group>"; };
		2260679816B2C7E900FC05EA /* MCKernel.cpp */ = {isa = PBXFileReference; fileEncoding = 4; lastKnownFileType = sourcecode.cpp.cpp; path = MCKernel.cpp; sourceTree = "<group>"; };
		2260679916B2C7E900FC05EA /* MCKernel.h */ = {isa = PBXFileReference; fileEncoding = 4; lastKnownFileType = sourcecode.c.h; path = MCKernel.h; sourceTree = "<group>"; };
		2260679A16B2C7E900FC05EA /* MCLogger.cpp */ = {isa = PBXFileReference; fileEncoding = 4; lastKnownFileType = sourcecode.cpp.cpp; path = MCLogger.cpp; sourceTree = "<group>"; };
		2260679B16B2C7E900FC05EA /* MCLogger.h */ = {isa = PBXFileReference; fileEncoding = 4; lastKnownFileType = sourcecode.c.h; path = MCLogger.h; sourceTree = "<group>"; };
		2260679D16B2C7E900FC05EA /* MCThing.cpp */ = {isa = PBXFileReference; fileEncoding = 4; lastKnownFileType = sourcecode.cpp.cpp; path = MCThing.cpp; sourceTree = "<group>"; };
		2260679E16B2C7E900FC05EA /* MCThing.h */ = {isa = PBXFileReference; fileEncoding = 4; lastKnownFileType = sourcecode.c.h; path = MCThing.h; sourceTree = "<group>"; };
		226067A016B2C7E900FC05EA /* MCState.cpp */ = {isa = PBXFileReference; fileEncoding = 4; lastKnownFileType = sourcecode.cpp.cpp; path = MCState.cpp; sourceTree = "<group>"; };
		226067A116B2C7E900FC05EA /* MCState.h */ = {isa = PBXFileReference; fileEncoding = 4; lastKnownFileType = sourcecode.c.h; path = MCState.h; sourceTree = "<group>"; };
		226067B416B2C89E00FC05EA /* Base.h */ = {isa = PBXFileReference; lastKnownFileType = sourcecode.c.h; path = Base.h; sourceTree = "<group>"; };
		226067B516B2C8A800FC05EA /* UI.h */ = {isa = PBXFileReference; lastKnownFileType = sourcecode.c.h; path = UI.h; sourceTree = "<group>"; };
		226067B616B2C8EF00FC05EA /* Core.h */ = {isa = PBXFileReference; lastKnownFileType = sourcecode.c.h; path = Core.h; sourceTree = "<group>"; };
		226067B716B2C8FC00FC05EA /* Assets.h */ = {isa = PBXFileReference; lastKnownFileType = sourcecode.c.h; path = Assets.h; sourceTree = "<group>"; };
		226067B816B2C90600FC05EA /* Model.h */ = {isa = PBXFileReference; lastKnownFileType = sourcecode.c.h; path = Model.h; sourceTree = "<group>"; };
		226067B916B2C91800FC05EA /* States.h */ = {isa = PBXFileReference; lastKnownFileType = sourcecode.c.h; path = States.h; sourceTree = "<group>"; };
		226067BA16B2C94600FC05EA /* Graphics.h */ = {isa = PBXFileReference; lastKnownFileType = sourcecode.c.h; path = Graphics.h; sourceTree = "<group>"; };
		226067BB16B2C94D00FC05EA /* Input.h */ = {isa = PBXFileReference; lastKnownFileType = sourcecode.c.h; path = Input.h; sourceTree = "<group>"; };
		226067BC16B2C95500FC05EA /* Sound.h */ = {isa = PBXFileReference; lastKnownFileType = sourcecode.c.h; path = Sound.h; sourceTree = "<group>"; };
		22DCEB1816A49FAB002389FE /* libMacaroniCore.dylib */ = {isa = PBXFileReference; explicitFileType = "compiled.mach-o.dylib"; includeInIndex = 0; path = libMacaroniCore.dylib; sourceTree = BUILT_PRODUCTS_DIR; };
		22DCEB9116A5BDDD002389FE /* MacaroniCore.h */ = {isa = PBXFileReference; fileEncoding = 4; lastKnownFileType = sourcecode.c.h; path = MacaroniCore.h; sourceTree = "<group>"; };
/* End PBXFileReference section */

/* Begin PBXFrameworksBuildPhase section */
		22DCEB1516A49FAB002389FE /* Frameworks */ = {
			isa = PBXFrameworksBuildPhase;
			buildActionMask = 2147483647;
			files = (
			);
			runOnlyForDeploymentPostprocessing = 0;
		};
/* End PBXFrameworksBuildPhase section */

/* Begin PBXGroup section */
		2260679116B2C7E900FC05EA /* Base */ = {
			isa = PBXGroup;
			children = (
				226067B416B2C89E00FC05EA /* Base.h */,
				2260679716B2C7E900FC05EA /* Core */,
				2260679216B2C7E900FC05EA /* Assets */,
				2260679C16B2C7E900FC05EA /* Model */,
				2260679F16B2C7E900FC05EA /* States */,
			);
			path = Base;
			sourceTree = "<group>";
		};
		2260679216B2C7E900FC05EA /* Assets */ = {
			isa = PBXGroup;
			children = (
				226067B716B2C8FC00FC05EA /* Assets.h */,
				2260679316B2C7E900FC05EA /* MCAsset.cpp */,
				2260679416B2C7E900FC05EA /* MCAsset.h */,
				2260679516B2C7E900FC05EA /* MCTextAsset.cpp */,
				2260679616B2C7E900FC05EA /* MCTextAsset.h */,
			);
			path = Assets;
			sourceTree = "<group>";
		};
		2260679716B2C7E900FC05EA /* Core */ = {
			isa = PBXGroup;
			children = (
				226067B616B2C8EF00FC05EA /* Core.h */,
				2260679816B2C7E900FC05EA /* MCKernel.cpp */,
				2260679916B2C7E900FC05EA /* MCKernel.h */,
				2260679A16B2C7E900FC05EA /* MCLogger.cpp */,
				2260679B16B2C7E900FC05EA /* MCLogger.h */,
			);
			path = Core;
			sourceTree = "<group>";
		};
		2260679C16B2C7E900FC05EA /* Model */ = {
			isa = PBXGroup;
			children = (
				226067B816B2C90600FC05EA /* Model.h */,
				2260679D16B2C7E900FC05EA /* MCThing.cpp */,
				2260679E16B2C7E900FC05EA /* MCThing.h */,
			);
			path = Model;
			sourceTree = "<group>";
		};
		2260679F16B2C7E900FC05EA /* States */ = {
			isa = PBXGroup;
			children = (
				226067B916B2C91800FC05EA /* States.h */,
				226067A016B2C7E900FC05EA /* MCState.cpp */,
				226067A116B2C7E900FC05EA /* MCState.h */,
			);
			path = States;
			sourceTree = "<group>";
		};
		226067A216B2C7E900FC05EA /* UI */ = {
			isa = PBXGroup;
			children = (
				226067B516B2C8A800FC05EA /* UI.h */,
				226067A316B2C7E900FC05EA /* Graphics */,
				226067A516B2C7E900FC05EA /* Sound */,
				226067A416B2C7E900FC05EA /* Input */,
			);
			path = UI;
			sourceTree = "<group>";
		};
		226067A316B2C7E900FC05EA /* Graphics */ = {
			isa = PBXGroup;
			children = (
				226067BA16B2C94600FC05EA /* Graphics.h */,
			);
			path = Graphics;
			sourceTree = "<group>";
		};
		226067A416B2C7E900FC05EA /* Input */ = {
			isa = PBXGroup;
			children = (
				226067BB16B2C94D00FC05EA /* Input.h */,
			);
			path = Input;
			sourceTree = "<group>";
		};
		226067A516B2C7E900FC05EA /* Sound */ = {
			isa = PBXGroup;
			children = (
				226067BC16B2C95500FC05EA /* Sound.h */,
			);
			path = Sound;
			sourceTree = "<group>";
		};
		22DCEB0D16A49FAB002389FE = {
			isa = PBXGroup;
			children = (
				22DCEB8716A5BDDD002389FE /* MacaroniCore */,
				22DCEB1916A49FAB002389FE /* Products */,
			);
			sourceTree = "<group>";
		};
		22DCEB1916A49FAB002389FE /* Products */ = {
			isa = PBXGroup;
			children = (
				22DCEB1816A49FAB002389FE /* libMacaroniCore.dylib */,
			);
			name = Products;
			sourceTree = "<group>";
		};
		22DCEB8716A5BDDD002389FE /* MacaroniCore */ = {
			isa = PBXGroup;
			children = (
				22DCEB9116A5BDDD002389FE /* MacaroniCore.h */,
				2260679116B2C7E900FC05EA /* Base */,
				226067A216B2C7E900FC05EA /* UI */,
			);
			path = MacaroniCore;
			sourceTree = "<group>";
		};
/* End PBXGroup section */

/* Begin PBXHeadersBuildPhase section */
		22DCEB1616A49FAB002389FE /* Headers */ = {
			isa = PBXHeadersBuildPhase;
			buildActionMask = 2147483647;
			files = (
				22DCEB9A16A5BDDD002389FE /* MacaroniCore.h in Headers */,
				226067A716B2C7E900FC05EA /* MCAsset.h in Headers */,
				226067A916B2C7E900FC05EA /* MCTextAsset.h in Headers */,
				226067AB16B2C7E900FC05EA /* MCKernel.h in Headers */,
				226067AD16B2C7E900FC05EA /* MCLogger.h in Headers */,
				226067AF16B2C7E900FC05EA /* MCThing.h in Headers */,
				226067B116B2C7E900FC05EA /* MCState.h in Headers */,
			);
			runOnlyForDeploymentPostprocessing = 0;
		};
/* End PBXHeadersBuildPhase section */

/* Begin PBXNativeTarget section */
		22DCEB1716A49FAB002389FE /* MacaroniCore */ = {
			isa = PBXNativeTarget;
			buildConfigurationList = 22DCEB1C16A49FAB002389FE /* Build configuration list for PBXNativeTarget "MacaroniCore" */;
			buildPhases = (
				22DCEB1416A49FAB002389FE /* Sources */,
				22DCEB1516A49FAB002389FE /* Frameworks */,
				22DCEB1616A49FAB002389FE /* Headers */,
			);
			buildRules = (
			);
			dependencies = (
			);
			name = MacaroniCore;
			productName = MacaroniCore;
			productReference = 22DCEB1816A49FAB002389FE /* libMacaroniCore.dylib */;
			productType = "com.apple.product-type.library.dynamic";
		};
/* End PBXNativeTarget section */

/* Begin PBXProject section */
		22DCEB0F16A49FAB002389FE /* Project object */ = {
			isa = PBXProject;
			attributes = {
				LastUpgradeCheck = 0450;
				ORGANIZATIONNAME = MacaroniCode;
			};
			buildConfigurationList = 22DCEB1216A49FAB002389FE /* Build configuration list for PBXProject "MacaroniCore" */;
			compatibilityVersion = "Xcode 3.2";
			developmentRegion = English;
			hasScannedForEncodings = 0;
			knownRegions = (
				en,
			);
			mainGroup = 22DCEB0D16A49FAB002389FE;
			productRefGroup = 22DCEB1916A49FAB002389FE /* Products */;
			projectDirPath = "";
			projectRoot = "";
			targets = (
				22DCEB1716A49FAB002389FE /* MacaroniCore */,
			);
		};
/* End PBXProject section */

/* Begin PBXSourcesBuildPhase section */
		22DCEB1416A49FAB002389FE /* Sources */ = {
			isa = PBXSourcesBuildPhase;
			buildActionMask = 2147483647;
			files = (
				226067A616B2C7E900FC05EA /* MCAsset.cpp in Sources */,
				226067A816B2C7E900FC05EA /* MCTextAsset.cpp in Sources */,
				226067AA16B2C7E900FC05EA /* MCKernel.cpp in Sources */,
				226067AC16B2C7E900FC05EA /* MCLogger.cpp in Sources */,
				226067AE16B2C7E900FC05EA /* MCThing.cpp in Sources */,
				226067B016B2C7E900FC05EA /* MCState.cpp in Sources */,
			);
			runOnlyForDeploymentPostprocessing = 0;
		};
/* End PBXSourcesBuildPhase section */

/* Begin XCBuildConfiguration section */
		22DCEB1A16A49FAB002389FE /* Debug */ = {
			isa = XCBuildConfiguration;
			buildSettings = {
				ALWAYS_SEARCH_USER_PATHS = NO;
				ARCHS = "$(ARCHS_STANDARD_64_BIT)";
				CLANG_CXX_LANGUAGE_STANDARD = "gnu++0x";
				CLANG_CXX_LIBRARY = "libc++";
				CLANG_WARN_EMPTY_BODY = YES;
				CLANG_WARN__DUPLICATE_METHOD_MATCH = YES;
				COPY_PHASE_STRIP = NO;
				GCC_C_LANGUAGE_STANDARD = gnu99;
				GCC_DYNAMIC_NO_PIC = NO;
				GCC_ENABLE_OBJC_EXCEPTIONS = YES;
				GCC_OPTIMIZATION_LEVEL = 0;
				GCC_PREPROCESSOR_DEFINITIONS = (
					"DEBUG=1",
					"$(inherited)",
				);
				GCC_SYMBOLS_PRIVATE_EXTERN = NO;
				GCC_WARN_64_TO_32_BIT_CONVERSION = YES;
				GCC_WARN_ABOUT_RETURN_TYPE = YES;
				GCC_WARN_UNINITIALIZED_AUTOS = YES;
				GCC_WARN_UNUSED_VARIABLE = YES;
				MACOSX_DEPLOYMENT_TARGET = 10.8;
				ONLY_ACTIVE_ARCH = YES;
				SDKROOT = macosx;
			};
			name = Debug;
		};
		22DCEB1B16A49FAB002389FE /* Release */ = {
			isa = XCBuildConfiguration;
			buildSettings = {
				ALWAYS_SEARCH_USER_PATHS = NO;
				ARCHS = "$(ARCHS_STANDARD_64_BIT)";
				CLANG_CXX_LANGUAGE_STANDARD = "gnu++0x";
				CLANG_CXX_LIBRARY = "libc++";
				CLANG_WARN_EMPTY_BODY = YES;
				CLANG_WARN__DUPLICATE_METHOD_MATCH = YES;
				COPY_PHASE_STRIP = YES;
				DEBUG_INFORMATION_FORMAT = "dwarf-with-dsym";
				GCC_C_LANGUAGE_STANDARD = gnu99;
				GCC_ENABLE_OBJC_EXCEPTIONS = YES;
				GCC_WARN_64_TO_32_BIT_CONVERSION = YES;
				GCC_WARN_ABOUT_RETURN_TYPE = YES;
				GCC_WARN_UNINITIALIZED_AUTOS = YES;
				GCC_WARN_UNUSED_VARIABLE = YES;
				MACOSX_DEPLOYMENT_TARGET = 10.8;
				SDKROOT = macosx;
			};
			name = Release;
		};
		22DCEB1D16A49FAB002389FE /* Debug */ = {
			isa = XCBuildConfiguration;
			buildSettings = {
				EXECUTABLE_PREFIX = lib;
				PRODUCT_NAME = "$(TARGET_NAME)";
			};
			name = Debug;
		};
		22DCEB1E16A49FAB002389FE /* Release */ = {
			isa = XCBuildConfiguration;
			buildSettings = {
				EXECUTABLE_PREFIX = lib;
				PRODUCT_NAME = "$(TARGET_NAME)";
			};
			name = Release;
		};
/* End XCBuildConfiguration section */

/* Begin XCConfigurationList section */
		22DCEB1216A49FAB002389FE /* Build configuration list for PBXProject "MacaroniCore" */ = {
			isa = XCConfigurationList;
			buildConfigurations = (
				22DCEB1A16A49FAB002389FE /* Debug */,
				22DCEB1B16A49FAB002389FE /* Release */,
			);
			defaultConfigurationIsVisible = 0;
			defaultConfigurationName = Release;
		};
		22DCEB1C16A49FAB002389FE /* Build configuration list for PBXNativeTarget "MacaroniCore" */ = {
			isa = XCConfigurationList;
			buildConfigurations = (
				22DCEB1D16A49FAB002389FE /* Debug */,
				22DCEB1E16A49FAB002389FE /* Release */,
			);
			defaultConfigurationIsVisible = 0;
			defaultConfigurationName = Release;
		};
/* End XCConfigurationList section */
	};
	rootObject = 22DCEB0F16A49FAB002389FE /* Project object */;
}
